// !$*UTF8*$!
{
	archiveVersion = 1;
	classes = {
	};
	objectVersion = 46;
	objects = {

/* Begin PBXFileReference section */
		C9F3E8031EA4E6DD001A09D1 /* main.mm */ = {isa = PBXFileReference; lastKnownFileType = sourcecode.cpp.objcpp; path = main.mm; sourceTree = "<group>"; };
		C9F3E8041EA4E6DD001A09D1 /* Makefile */ = {isa = PBXFileReference; lastKnownFileType = sourcecode.make; path = Makefile; sourceTree = "<group>"; };
/* End PBXFileReference section */

/* Begin PBXGroup section */
		C9F3E7FC1EA4E6DD001A09D1 = {
			isa = PBXGroup;
			children = (
				C9F3E8031EA4E6DD001A09D1 /* main.mm */,
				C9F3E80C1EA4E6EA001A09D1 /* Supporting Files */,
			);
			sourceTree = "<group>";
		};
		C9F3E80C1EA4E6EA001A09D1 /* Supporting Files */ = {
			isa = PBXGroup;
			children = (
				C9F3E8041EA4E6DD001A09D1 /* Makefile */,
			);
			name = "Supporting Files";
			sourceTree = "<group>";
		};
/* End PBXGroup section */

/* Begin PBXLegacyTarget section */
		C9F3E8011EA4E6DD001A09D1 /* postrm */ = {
			isa = PBXLegacyTarget;
			buildArgumentsString = package;
			buildConfigurationList = C9F3E8051EA4E6DD001A09D1 /* Build configuration list for PBXLegacyTarget "postrm" */;
			buildPhases = (
			);
			buildToolPath = /usr/bin/make;
			buildWorkingDirectory = ./;
			dependencies = (
			);
			name = postrm;
			passBuildSettingsInEnvironment = 1;
			productName = postrm;
		};
/* End PBXLegacyTarget section */

/* Begin PBXProject section */
		C9F3E7FD1EA4E6DD001A09D1 /* Project object */ = {
			isa = PBXProject;
			attributes = {
				LastUpgradeCheck = 0910;
			};
			buildConfigurationList = C9F3E8001EA4E6DD001A09D1 /* Build configuration list for PBXProject "postrm" */;
			compatibilityVersion = "Xcode 3.2";
			developmentRegion = English;
			hasScannedForEncodings = 0;
			knownRegions = (
				en,
			);
			mainGroup = C9F3E7FC1EA4E6DD001A09D1;
			projectDirPath = "";
			projectRoot = "";
			targets = (
				C9F3E8011EA4E6DD001A09D1 /* postrm */,
			);
		};
/* End PBXProject section */

/* Begin XCBuildConfiguration section */
		C9F3E7FE1EA4E6DD001A09D1 /* Debug */ = {
			isa = XCBuildConfiguration;
			buildSettings = {
				ARCHS = "$(ARCHS_STANDARD_32_BIT)";
				COPY_PHASE_STRIP = NO;
				GCC_WARN_ABOUT_RETURN_TYPE = YES;
				GCC_WARN_UNUSED_VARIABLE = YES;
				IPHONEOS_DEPLOYMENT_TARGET = 10.0;
				ONLY_ACTIVE_ARCH = YES;
				SDKROOT = macosx10.6;
			};
			name = Debug;
		};
		C9F3E7FF1EA4E6DD001A09D1 /* Release */ = {
			isa = XCBuildConfiguration;
			buildSettings = {
				ARCHS = "$(ARCHS_STANDARD_32_BIT)";
				COPY_PHASE_STRIP = YES;
				GCC_WARN_ABOUT_RETURN_TYPE = YES;
				GCC_WARN_UNUSED_VARIABLE = YES;
				IPHONEOS_DEPLOYMENT_TARGET = 10.0;
				SDKROOT = macosx10.6;
			};
			name = Release;
		};
		C9F3E8061EA4E6DD001A09D1 /* Debug */ = {
			isa = XCBuildConfiguration;
			buildSettings = {
				COPY_PHASE_STRIP = NO;
				DEBUGGING_SYMBOLS = YES;
				GCC_DYNAMIC_NO_PIC = NO;
				GCC_ENABLE_FIX_AND_CONTINUE = YES;
				GCC_GENERATE_DEBUGGING_SYMBOLS = YES;
				GCC_OPTIMIZATION_LEVEL = 0;
				OTHER_CFLAGS = "";
				OTHER_LDFLAGS = "";
				PATH = "/sw/bin/:/usr/bin/:/usr/local/bin/:/bin/:/opt/iOSOpenDev/bin/";
				PRODUCT_NAME = postrm;
				SDKROOT = iphoneos;
				THEOS = /opt/theos;
			};
			name = Debug;
		};
		C9F3E8071EA4E6DD001A09D1 /* Release */ = {
			isa = XCBuildConfiguration;
			buildSettings = {
				COPY_PHASE_STRIP = YES;
				DEBUG_INFORMATION_FORMAT = "dwarf-with-dsym";
				GCC_ENABLE_FIX_AND_CONTINUE = NO;
				OTHER_CFLAGS = "";
				OTHER_LDFLAGS = "";
				PATH = "/sw/bin/:/usr/bin/:/usr/local/bin/:/bin/:/opt/iOSOpenDev/bin/";
				PRODUCT_NAME = postrm;
				SDKROOT = iphoneos;
				THEOS = /opt/theos;
			};
			name = Release;
		};
/* End XCBuildConfiguration section */

/* Begin XCConfigurationList section */
		C9F3E8001EA4E6DD001A09D1 /* Build configuration list for PBXProject "postrm" */ = {
			isa = XCConfigurationList;
			buildConfigurations = (
				C9F3E7FE1EA4E6DD001A09D1 /* Debug */,
				C9F3E7FF1EA4E6DD001A09D1 /* Release */,
			);
			defaultConfigurationIsVisible = 0;
			defaultConfigurationName = Release;
		};
		C9F3E8051EA4E6DD001A09D1 /* Build configuration list for PBXLegacyTarget "postrm" */ = {
			isa = XCConfigurationList;
			buildConfigurations = (
				C9F3E8061EA4E6DD001A09D1 /* Debug */,
				C9F3E8071EA4E6DD001A09D1 /* Release */,
			);
			defaultConfigurationIsVisible = 0;
			defaultConfigurationName = Release;
		};
/* End XCConfigurationList section */
	};
	rootObject = C9F3E7FD1EA4E6DD001A09D1 /* Project object */;
}
