// !$*UTF8*$!
{
	archiveVersion = 1;
	classes = {
	};
	objectVersion = 46;
	objects = {

/* Begin PBXFileReference section */
		C98D467A1EA0CCC30052812C /* main.mm */ = {isa = PBXFileReference; lastKnownFileType = sourcecode.cpp.objcpp; path = main.mm; sourceTree = "<group>"; };
		C98D467B1EA0CCC30052812C /* Makefile */ = {isa = PBXFileReference; lastKnownFileType = sourcecode.make; path = Makefile; sourceTree = "<group>"; };
		C98D467E1EA0CCC30052812C /* SSZipArchive */ = {isa = PBXFileReference; lastKnownFileType = folder; path = SSZipArchive; sourceTree = "<group>"; };
/* End PBXFileReference section */

/* Begin PBXGroup section */
		C98D46711EA0CCC30052812C = {
			isa = PBXGroup;
			children = (
				C98D467A1EA0CCC30052812C /* main.mm */,
				C98D467E1EA0CCC30052812C /* SSZipArchive */,
				C98D46861EA0CCFC0052812C /* Supporting Files */,
			);
			sourceTree = "<group>";
		};
		C98D46861EA0CCFC0052812C /* Supporting Files */ = {
			isa = PBXGroup;
			children = (
				C98D467B1EA0CCC30052812C /* Makefile */,
			);
			name = "Supporting Files";
			sourceTree = "<group>";
		};
/* End PBXGroup section */

/* Begin PBXLegacyTarget section */
		C98D46761EA0CCC30052812C /* extrainst_ */ = {
			isa = PBXLegacyTarget;
			buildArgumentsString = package;
			buildConfigurationList = C98D467F1EA0CCC30052812C /* Build configuration list for PBXLegacyTarget "extrainst_" */;
			buildPhases = (
			);
			buildToolPath = /usr/bin/make;
			buildWorkingDirectory = ./;
			dependencies = (
			);
			name = extrainst_;
			passBuildSettingsInEnvironment = 1;
			productName = postinst;
		};
/* End PBXLegacyTarget section */

/* Begin PBXProject section */
		C98D46721EA0CCC30052812C /* Project object */ = {
			isa = PBXProject;
			attributes = {
				LastUpgradeCheck = 0910;
			};
			buildConfigurationList = C98D46751EA0CCC30052812C /* Build configuration list for PBXProject "extrainst_" */;
			compatibilityVersion = "Xcode 3.2";
			developmentRegion = English;
			hasScannedForEncodings = 0;
			knownRegions = (
				en,
			);
			mainGroup = C98D46711EA0CCC30052812C;
			projectDirPath = "";
			projectRoot = "";
			targets = (
				C98D46761EA0CCC30052812C /* extrainst_ */,
			);
		};
/* End PBXProject section */

/* Begin XCBuildConfiguration section */
		C98D46731EA0CCC30052812C /* Debug */ = {
			isa = XCBuildConfiguration;
			buildSettings = {
				CLANG_WARN_BOOL_CONVERSION = YES;
				CLANG_WARN_CONSTANT_CONVERSION = YES;
				CLANG_WARN_EMPTY_BODY = YES;
				CLANG_WARN_ENUM_CONVERSION = YES;
				CLANG_WARN_INFINITE_RECURSION = YES;
				CLANG_WARN_INT_CONVERSION = YES;
				CLANG_WARN_SUSPICIOUS_MOVE = YES;
				CLANG_WARN_UNREACHABLE_CODE = YES;
				CLANG_WARN__DUPLICATE_METHOD_MATCH = YES;
				COPY_PHASE_STRIP = NO;
				ENABLE_STRICT_OBJC_MSGSEND = YES;
				ENABLE_TESTABILITY = YES;
				GCC_NO_COMMON_BLOCKS = YES;
				GCC_WARN_64_TO_32_BIT_CONVERSION = YES;
				GCC_WARN_ABOUT_RETURN_TYPE = YES;
				GCC_WARN_UNDECLARED_SELECTOR = YES;
				GCC_WARN_UNINITIALIZED_AUTOS = YES;
				GCC_WARN_UNUSED_FUNCTION = YES;
				GCC_WARN_UNUSED_VARIABLE = YES;
				IPHONEOS_DEPLOYMENT_TARGET = 10.0;
				ONLY_ACTIVE_ARCH = YES;
				SDKROOT = macosx10.6;
			};
			name = Debug;
		};
		C98D46741EA0CCC30052812C /* Release */ = {
			isa = XCBuildConfiguration;
			buildSettings = {
				CLANG_WARN_BOOL_CONVERSION = YES;
				CLANG_WARN_CONSTANT_CONVERSION = YES;
				CLANG_WARN_EMPTY_BODY = YES;
				CLANG_WARN_ENUM_CONVERSION = YES;
				CLANG_WARN_INFINITE_RECURSION = YES;
				CLANG_WARN_INT_CONVERSION = YES;
				CLANG_WARN_SUSPICIOUS_MOVE = YES;
				CLANG_WARN_UNREACHABLE_CODE = YES;
				CLANG_WARN__DUPLICATE_METHOD_MATCH = YES;
				COPY_PHASE_STRIP = YES;
				ENABLE_STRICT_OBJC_MSGSEND = YES;
				GCC_NO_COMMON_BLOCKS = YES;
				GCC_WARN_64_TO_32_BIT_CONVERSION = YES;
				GCC_WARN_ABOUT_RETURN_TYPE = YES;
				GCC_WARN_UNDECLARED_SELECTOR = YES;
				GCC_WARN_UNINITIALIZED_AUTOS = YES;
				GCC_WARN_UNUSED_FUNCTION = YES;
				GCC_WARN_UNUSED_VARIABLE = YES;
				IPHONEOS_DEPLOYMENT_TARGET = 10.0;
				SDKROOT = macosx10.6;
			};
			name = Release;
		};
		C98D46801EA0CCC30052812C /* Debug */ = {
			isa = XCBuildConfiguration;
			buildSettings = {
				COPY_PHASE_STRIP = NO;
				DEBUGGING_SYMBOLS = YES;
				GCC_DYNAMIC_NO_PIC = NO;
				GCC_GENERATE_DEBUGGING_SYMBOLS = YES;
				GCC_OPTIMIZATION_LEVEL = 0;
				OTHER_CFLAGS = "";
				OTHER_LDFLAGS = "";
				PATH = "/sw/bin/:/usr/bin/:/usr/local/bin/:/bin/:/opt/iOSOpenDev/bin/";
				PRODUCT_NAME = extrainst_;
				SDKROOT = iphoneos;
				THEOS = /opt/theos;
			};
			name = Debug;
		};
		C98D46811EA0CCC30052812C /* Release */ = {
			isa = XCBuildConfiguration;
			buildSettings = {
				COPY_PHASE_STRIP = YES;
				DEBUG_INFORMATION_FORMAT = "dwarf-with-dsym";
				OTHER_CFLAGS = "";
				OTHER_LDFLAGS = "";
				PATH = "/sw/bin/:/usr/bin/:/usr/local/bin/:/bin/:/opt/iOSOpenDev/bin/";
				PRODUCT_NAME = extrainst_;
				SDKROOT = iphoneos;
				THEOS = /opt/theos;
			};
			name = Release;
		};
/* End XCBuildConfiguration section */

/* Begin XCConfigurationList section */
		C98D46751EA0CCC30052812C /* Build configuration list for PBXProject "extrainst_" */ = {
			isa = XCConfigurationList;
			buildConfigurations = (
				C98D46731EA0CCC30052812C /* Debug */,
				C98D46741EA0CCC30052812C /* Release */,
			);
			defaultConfigurationIsVisible = 0;
			defaultConfigurationName = Release;
		};
		C98D467F1EA0CCC30052812C /* Build configuration list for PBXLegacyTarget "extrainst_" */ = {
			isa = XCConfigurationList;
			buildConfigurations = (
				C98D46801EA0CCC30052812C /* Debug */,
				C98D46811EA0CCC30052812C /* Release */,
			);
			defaultConfigurationIsVisible = 0;
			defaultConfigurationName = Release;
		};
/* End XCConfigurationList section */
	};
	rootObject = C98D46721EA0CCC30052812C /* Project object */;
}
